hash: a9efce76fa2c49b3fec13972e3841ca9806cc05757afacc439364cce682dfa3c
updated: 2017-08-24T10:07:14.9269699Z
imports:
- name: github.com/google/go-github
  version: 78072f320213a7e011b5fb2700bcb9eb90efec37
  subpackages:
  - github
- name: github.com/google/go-querystring
  version: 53e6ce116135b80d037921a7fdd5138cf32d7a8a
  subpackages:
  - query
testImports: []
